
Microsoft Visual Studio Solution File, Format Version 12.00
# Visual Studio Version 16
VisualStudioVersion = 16.0.29806.167
MinimumVisualStudioVersion = 10.0.40219.1
Project("{F184B08F-C81C-45F6-A57F-5ABD9991F28F}") = "ElisaTVKuvaSelain", "ElisaTVKuvaSelain\ElisaTVKuvaSelain.vbproj", "{ACE5BB69-4657-453D-82A4-4B3FB1E3755E}"
EndProject
Global
	GlobalSection(SolutionConfigurationPlatforms) = preSolution
		Debug|Any CPU = Debug|Any CPU
		Release|Any CPU = Release|Any CPU
	EndGlobalSection
	GlobalSection(ProjectConfigurationPlatforms) = postSolution
		{ACE5BB69-4657-453D-82A4-4B3FB1E3755E}.Debug|Any CPU.ActiveCfg = Debug|Any CPU
		{ACE5BB69-4657-453D-82A4-4B3FB1E3755E}.Debug|Any CPU.Build.0 = Debug|Any CPU
		{ACE5BB69-4657-453D-82A4-4B3FB1E3755E}.Release|Any CPU.ActiveCfg = Release|Any CPU
		{ACE5BB69-4657-453D-82A4-4B3FB1E3755E}.Release|Any CPU.Build.0 = Release|Any CPU
	EndGlobalSection
	GlobalSection(SolutionProperties) = preSolution
		HideSolutionNode = FALSE
	EndGlobalSection
	GlobalSection(ExtensibilityGlobals) = postSolution
		SolutionGuid = {21963577-0BC5-470F-81F5-0D6464C43315}
	EndGlobalSection
EndGlobal
